
Microsoft Visual Studio Solution File, Format Version 12.00
# Visual Studio Version 17
VisualStudioVersion = 17.0.31903.59
MinimumVisualStudioVersion = 10.0.40219.1
Project("{2150E333-8FDC-42A3-9474-1A3956D46DE8}") = "src", "src", "{DFD86BD5-279C-4820-A134-1C07A84661A6}"
EndProject
Project("{FAE04EC0-301F-11D3-BF4B-00C04F79EFBC}") = "NotificationModule.Shared", "src\NotificationModule.Shared\NotificationModule.Shared.csproj", "{C9E79CB7-9647-4A14-877F-4B4F46425164}"
EndProject
Project("{FAE04EC0-301F-11D3-BF4B-00C04F79EFBC}") = "NotificationModule.Producer", "src\NotificationModule.Producer\NotificationModule.Producer.csproj", "{175A11B9-C4C2-4243-9553-F6B2008810FC}"
EndProject
Project("{FAE04EC0-301F-11D3-BF4B-00C04F79EFBC}") = "NotificationModule.Consumer", "src\NotificationModule.Consumer\NotificationModule.Consumer.csproj", "{385F3F97-6DC1-4DC9-985D-F1FD75F6E975}"
EndProject
Global
	GlobalSection(SolutionConfigurationPlatforms) = preSolution
		Debug|Any CPU = Debug|Any CPU
		Release|Any CPU = Release|Any CPU
	EndGlobalSection
	GlobalSection(SolutionProperties) = preSolution
		HideSolutionNode = FALSE
	EndGlobalSection
	GlobalSection(ProjectConfigurationPlatforms) = postSolution
		{C9E79CB7-9647-4A14-877F-4B4F46425164}.Debug|Any CPU.ActiveCfg = Debug|Any CPU
		{C9E79CB7-9647-4A14-877F-4B4F46425164}.Debug|Any CPU.Build.0 = Debug|Any CPU
		{C9E79CB7-9647-4A14-877F-4B4F46425164}.Release|Any CPU.ActiveCfg = Release|Any CPU
		{C9E79CB7-9647-4A14-877F-4B4F46425164}.Release|Any CPU.Build.0 = Release|Any CPU
		{175A11B9-C4C2-4243-9553-F6B2008810FC}.Debug|Any CPU.ActiveCfg = Debug|Any CPU
		{175A11B9-C4C2-4243-9553-F6B2008810FC}.Debug|Any CPU.Build.0 = Debug|Any CPU
		{175A11B9-C4C2-4243-9553-F6B2008810FC}.Release|Any CPU.ActiveCfg = Release|Any CPU
		{175A11B9-C4C2-4243-9553-F6B2008810FC}.Release|Any CPU.Build.0 = Release|Any CPU
		{385F3F97-6DC1-4DC9-985D-F1FD75F6E975}.Debug|Any CPU.ActiveCfg = Debug|Any CPU
		{385F3F97-6DC1-4DC9-985D-F1FD75F6E975}.Debug|Any CPU.Build.0 = Debug|Any CPU
		{385F3F97-6DC1-4DC9-985D-F1FD75F6E975}.Release|Any CPU.ActiveCfg = Release|Any CPU
		{385F3F97-6DC1-4DC9-985D-F1FD75F6E975}.Release|Any CPU.Build.0 = Release|Any CPU
	EndGlobalSection
	GlobalSection(NestedProjects) = preSolution
		{C9E79CB7-9647-4A14-877F-4B4F46425164} = {DFD86BD5-279C-4820-A134-1C07A84661A6}
		{175A11B9-C4C2-4243-9553-F6B2008810FC} = {DFD86BD5-279C-4820-A134-1C07A84661A6}
		{385F3F97-6DC1-4DC9-985D-F1FD75F6E975} = {DFD86BD5-279C-4820-A134-1C07A84661A6}
	EndGlobalSection
EndGlobal
